<?xml version="1.0" encoding="utf-8"?>
<Project ToolsVersion="4.0" xmlns="http://schemas.microsoft.com/developer/msbuild/2003">
  <ItemGroup>
    <Filter Include="Source Files">
      <UniqueIdentifier>{4FC737F1-C7A5-4376-A066-2A32D752A2FF}</UniqueIdentifier>
      <Extensions>cpp;c;cc;cxx;def;odl;idl;hpj;bat;asm;asmx</Extensions>
    </Filter>
    <Filter Include="Header Files">
      <UniqueIdentifier>{93995380-89BD-4b04-88EB-625FBE52EBFB}</UniqueIdentifier>
      <Extensions>h;hh;hpp;hxx;hm;inl;inc;xsd</Extensions>
    </Filter>
    <Filter Include="Resource Files">
      <UniqueIdentifier>{67DA6AB6-F800-4c08-8B7A-83BB121AAD01}</UniqueIdentifier>
      <Extensions>rc;ico;cur;bmp;dlg;rc2;rct;bin;rgs;gif;jpg;jpeg;jpe;resx;tiff;tif;png;wav;mfcribbon-ms</Extensions>
    </Filter>
    <Filter Include="Images">
      <UniqueIdentifier>{d5e093fe-477c-4b12-b143-5a950892bdec}</UniqueIdentifier>
    </Filter>
    <Filter Include="Header Files\Strategies">
      <UniqueIdentifier>{5399cdb0-05d9-4c54-b3ee-1d5d819f39b0}</UniqueIdentifier>
    </Filter>
    <Filter Include="Source Files\Strategies">
      <UniqueIdentifier>{226e2f88-2d0f-41c3-8836-e0a78997919b}</UniqueIdentifier>
    </Filter>
    <Filter Include="Structs">
      <UniqueIdentifier>{dbe8dbe6-2271-40bc-9a1d-6004a51fdd64}</UniqueIdentifier>
    </Filter>
    <Filter Include="Header Files\Physics">
      <UniqueIdentifier>{b5afe727-434b-4146-be63-eeb7a36f99a1}</UniqueIdentifier>
    </Filter>
    <Filter Include="Source Files\Physics">
      <UniqueIdentifier>{988a6d05-385c-4744-9c24-3022b7eaef47}</UniqueIdentifier>
    </Filter>
  </ItemGroup>
  <ItemGroup>
    <ClCompile Include="Form1.cpp">
      <Filter>Source Files</Filter>
    </ClCompile>
    <ClCompile Include="BaseStrategy.cpp">
      <Filter>Source Files\Strategies</Filter>
    </ClCompile>
    <ClCompile Include="Ball.cpp">
      <Filter>Source Files</Filter>
    </ClCompile>
    <ClCompile Include="Board.cpp">
      <Filter>Source Files\Physics</Filter>
    </ClCompile>
    <ClCompile Include="ExtraMath.cpp">
      <Filter>Source Files\Physics</Filter>
    </ClCompile>
    <ClCompile Include="StrategyB.cpp">
      <Filter>Source Files\Strategies</Filter>
    </ClCompile>
    <ClCompile Include="StrategyC.cpp">
      <Filter>Source Files\Strategies</Filter>
    </ClCompile>
    <ClCompile Include="PhyShapes.cpp">
      <Filter>Source Files\Physics</Filter>
    </ClCompile>
  </ItemGroup>
  <ItemGroup>
    <ClInclude Include="Form1.h">
      <Filter>Header Files</Filter>
    </ClInclude>
    <ClInclude Include="BaseStrategy.h">
      <Filter>Header Files\Strategies</Filter>
    </ClInclude>
    <ClInclude Include="Structs.h">
      <Filter>Structs</Filter>
    </ClInclude>
    <ClInclude Include="Ball.h">
      <Filter>Header Files</Filter>
    </ClInclude>
    <ClInclude Include="Board.h">
      <Filter>Header Files\Physics</Filter>
    </ClInclude>
    <ClInclude Include="ExtraMath.h">
      <Filter>Header Files\Physics</Filter>
    </ClInclude>
    <ClInclude Include="PhyShapes.h">
      <Filter>Header Files\Physics</Filter>
    </ClInclude>
    <ClInclude Include="Global.h">
      <Filter>Header Files\Physics</Filter>
    </ClInclude>
    <ClInclude Include="StrategyB.h">
      <Filter>Header Files\Strategies</Filter>
    </ClInclude>
    <ClInclude Include="StrategyC.h">
      <Filter>Header Files\Strategies</Filter>
    </ClInclude>
  </ItemGroup>
  <ItemGroup>
    <EmbeddedResource Include="Form1.resx">
      <Filter>Resource Files</Filter>
    </EmbeddedResource>
  </ItemGroup>
  <ItemGroup>
    <Image Include="..\..\..\TestImage.png">
      <Filter>Images</Filter>
    </Image>
  </ItemGroup>
</Project>